// !$*UTF8*$!
{
	archiveVersion = 1;
	classes = {
	};
	objectVersion = 55;
	objects = {

/* Begin PBXBuildFile section */
		3C9C403528D3856700037DFA /* AppDelegate.swift in Sources */ = {isa = PBXBuildFile; fileRef = 3C9C403428D3856700037DFA /* AppDelegate.swift */; };
		3C9C403728D3856700037DFA /* SceneDelegate.swift in Sources */ = {isa = PBXBuildFile; fileRef = 3C9C403628D3856700037DFA /* SceneDelegate.swift */; };
		3C9C403928D3856700037DFA /* CharityViewController.swift in Sources */ = {isa = PBXBuildFile; fileRef = 3C9C403828D3856700037DFA /* CharityViewController.swift */; };
		3C9C403E28D3857100037DFA /* Assets.xcassets in Resources */ = {isa = PBXBuildFile; fileRef = 3C9C403D28D3857100037DFA /* Assets.xcassets */; };
		3C9C404128D3857100037DFA /* LaunchScreen.storyboard in Resources */ = {isa = PBXBuildFile; fileRef = 3C9C403F28D3857100037DFA /* LaunchScreen.storyboard */; };
		3C9C404F28D3AA0D00037DFA /* AppDelegate.swift in Sources */ = {isa = PBXBuildFile; fileRef = 3C9C404E28D3AA0D00037DFA /* AppDelegate.swift */; };
		3C9C405128D3AA0D00037DFA /* SceneDelegate.swift in Sources */ = {isa = PBXBuildFile; fileRef = 3C9C405028D3AA0D00037DFA /* SceneDelegate.swift */; };
		3C9C405328D3AA0D00037DFA /* ViewController.swift in Sources */ = {isa = PBXBuildFile; fileRef = 3C9C405228D3AA0D00037DFA /* ViewController.swift */; };
		3C9C405628D3AA0D00037DFA /* MainServices.storyboard in Resources */ = {isa = PBXBuildFile; fileRef = 3C9C405428D3AA0D00037DFA /* MainServices.storyboard */; };
		3C9C405828D3AA1800037DFA /* Assets.xcassets in Resources */ = {isa = PBXBuildFile; fileRef = 3C9C405728D3AA1800037DFA /* Assets.xcassets */; };
		3C9C405B28D3AA1800037DFA /* LaunchScreen.storyboard in Resources */ = {isa = PBXBuildFile; fileRef = 3C9C405928D3AA1800037DFA /* LaunchScreen.storyboard */; };
		3CA1361628D730B8003831F9 /* FundTableViewCell.swift in Sources */ = {isa = PBXBuildFile; fileRef = 3CA1361428D730B8003831F9 /* FundTableViewCell.swift */; };
		3CA1361728D730B8003831F9 /* FundTableViewCell.xib in Resources */ = {isa = PBXBuildFile; fileRef = 3CA1361528D730B8003831F9 /* FundTableViewCell.xib */; };
		3CA1361928D74514003831F9 /* CharityModel.swift in Sources */ = {isa = PBXBuildFile; fileRef = 3CA1361828D74513003831F9 /* CharityModel.swift */; };
		3CA1361B28DC7706003831F9 /* ChoiceViewController.swift in Sources */ = {isa = PBXBuildFile; fileRef = 3CA1361A28DC7706003831F9 /* ChoiceViewController.swift */; };
		3CA1361C28DC9A11003831F9 /* ChoiceViewController.swift in Sources */ = {isa = PBXBuildFile; fileRef = 3CA1361A28DC7706003831F9 /* ChoiceViewController.swift */; };
		3CA1361E28DC9A35003831F9 /* Main.storyboard in Resources */ = {isa = PBXBuildFile; fileRef = 3C9C403A28D3856700037DFA /* Main.storyboard */; };
		3CA1361F28DC9A85003831F9 /* Main.storyboard in Resources */ = {isa = PBXBuildFile; fileRef = 3C9C403A28D3856700037DFA /* Main.storyboard */; };
		3CA1362028DD95E4003831F9 /* MainServices.storyboard in Resources */ = {isa = PBXBuildFile; fileRef = 3C9C405428D3AA0D00037DFA /* MainServices.storyboard */; };
		3CA1362228E1E08E003831F9 /* Funds.plist in Resources */ = {isa = PBXBuildFile; fileRef = 3CA1362128E1E08D003831F9 /* Funds.plist */; };
/* End PBXBuildFile section */

/* Begin PBXFileReference section */
		3C9C403128D3856700037DFA /* Charity.app */ = {isa = PBXFileReference; explicitFileType = wrapper.application; includeInIndex = 0; path = Charity.app; sourceTree = BUILT_PRODUCTS_DIR; };
		3C9C403428D3856700037DFA /* AppDelegate.swift */ = {isa = PBXFileReference; lastKnownFileType = sourcecode.swift; path = AppDelegate.swift; sourceTree = "<group>"; };
		3C9C403628D3856700037DFA /* SceneDelegate.swift */ = {isa = PBXFileReference; lastKnownFileType = sourcecode.swift; path = SceneDelegate.swift; sourceTree = "<group>"; };
		3C9C403828D3856700037DFA /* CharityViewController.swift */ = {isa = PBXFileReference; lastKnownFileType = sourcecode.swift; path = CharityViewController.swift; sourceTree = "<group>"; };
		3C9C403B28D3856700037DFA /* Base */ = {isa = PBXFileReference; lastKnownFileType = file.storyboard; name = Base; path = Base.lproj/Main.storyboard; sourceTree = "<group>"; };
		3C9C403D28D3857100037DFA /* Assets.xcassets */ = {isa = PBXFileReference; lastKnownFileType = folder.assetcatalog; path = Assets.xcassets; sourceTree = "<group>"; };
		3C9C404028D3857100037DFA /* Base */ = {isa = PBXFileReference; lastKnownFileType = file.storyboard; name = Base; path = Base.lproj/LaunchScreen.storyboard; sourceTree = "<group>"; };
		3C9C404228D3857100037DFA /* Info.plist */ = {isa = PBXFileReference; lastKnownFileType = text.plist.xml; path = Info.plist; sourceTree = "<group>"; };
		3C9C404C28D3AA0D00037DFA /* Services.app */ = {isa = PBXFileReference; explicitFileType = wrapper.application; includeInIndex = 0; path = Services.app; sourceTree = BUILT_PRODUCTS_DIR; };
		3C9C404E28D3AA0D00037DFA /* AppDelegate.swift */ = {isa = PBXFileReference; lastKnownFileType = sourcecode.swift; path = AppDelegate.swift; sourceTree = "<group>"; };
		3C9C405028D3AA0D00037DFA /* SceneDelegate.swift */ = {isa = PBXFileReference; lastKnownFileType = sourcecode.swift; path = SceneDelegate.swift; sourceTree = "<group>"; };
		3C9C405228D3AA0D00037DFA /* ViewController.swift */ = {isa = PBXFileReference; lastKnownFileType = sourcecode.swift; path = ViewController.swift; sourceTree = "<group>"; };
		3C9C405528D3AA0D00037DFA /* Base */ = {isa = PBXFileReference; lastKnownFileType = file.storyboard; name = Base; path = Base.lproj/MainServices.storyboard; sourceTree = "<group>"; };
		3C9C405728D3AA1800037DFA /* Assets.xcassets */ = {isa = PBXFileReference; lastKnownFileType = folder.assetcatalog; path = Assets.xcassets; sourceTree = "<group>"; };
		3C9C405A28D3AA1800037DFA /* Base */ = {isa = PBXFileReference; lastKnownFileType = file.storyboard; name = Base; path = Base.lproj/LaunchScreen.storyboard; sourceTree = "<group>"; };
		3C9C405C28D3AA1800037DFA /* Info.plist */ = {isa = PBXFileReference; lastKnownFileType = text.plist.xml; path = Info.plist; sourceTree = "<group>"; };
		3CA1361428D730B8003831F9 /* FundTableViewCell.swift */ = {isa = PBXFileReference; lastKnownFileType = sourcecode.swift; path = FundTableViewCell.swift; sourceTree = "<group>"; };
		3CA1361528D730B8003831F9 /* FundTableViewCell.xib */ = {isa = PBXFileReference; lastKnownFileType = file.xib; path = FundTableViewCell.xib; sourceTree = "<group>"; };
		3CA1361828D74513003831F9 /* CharityModel.swift */ = {isa = PBXFileReference; lastKnownFileType = sourcecode.swift; path = CharityModel.swift; sourceTree = "<group>"; };
		3CA1361A28DC7706003831F9 /* ChoiceViewController.swift */ = {isa = PBXFileReference; lastKnownFileType = sourcecode.swift; path = ChoiceViewController.swift; sourceTree = "<group>"; };
		3CA1362128E1E08D003831F9 /* Funds.plist */ = {isa = PBXFileReference; lastKnownFileType = text.plist.xml; path = Funds.plist; sourceTree = "<group>"; };
/* End PBXFileReference section */

/* Begin PBXFrameworksBuildPhase section */
		3C9C402E28D3856700037DFA /* Frameworks */ = {
			isa = PBXFrameworksBuildPhase;
			buildActionMask = 2147483647;
			files = (
			);
			runOnlyForDeploymentPostprocessing = 0;
		};
		3C9C404928D3AA0D00037DFA /* Frameworks */ = {
			isa = PBXFrameworksBuildPhase;
			buildActionMask = 2147483647;
			files = (
			);
			runOnlyForDeploymentPostprocessing = 0;
		};
/* End PBXFrameworksBuildPhase section */

/* Begin PBXGroup section */
		3C9C402828D3856700037DFA = {
			isa = PBXGroup;
			children = (
				3C9C403328D3856700037DFA /* Charity */,
				3C9C404D28D3AA0D00037DFA /* Services */,
				3C9C403228D3856700037DFA /* Products */,
			);
			sourceTree = "<group>";
		};
		3C9C403228D3856700037DFA /* Products */ = {
			isa = PBXGroup;
			children = (
				3C9C403128D3856700037DFA /* Charity.app */,
				3C9C404C28D3AA0D00037DFA /* Services.app */,
			);
			name = Products;
			sourceTree = "<group>";
		};
		3C9C403328D3856700037DFA /* Charity */ = {
			isa = PBXGroup;
			children = (
				3C9C403428D3856700037DFA /* AppDelegate.swift */,
				3C9C403628D3856700037DFA /* SceneDelegate.swift */,
				3C9C403828D3856700037DFA /* CharityViewController.swift */,
				3CA1361828D74513003831F9 /* CharityModel.swift */,
				3CA1361428D730B8003831F9 /* FundTableViewCell.swift */,
				3CA1361528D730B8003831F9 /* FundTableViewCell.xib */,
				3C9C403A28D3856700037DFA /* Main.storyboard */,
				3CA1361A28DC7706003831F9 /* ChoiceViewController.swift */,
				3C9C403D28D3857100037DFA /* Assets.xcassets */,
				3C9C403F28D3857100037DFA /* LaunchScreen.storyboard */,
				3C9C404228D3857100037DFA /* Info.plist */,
				3CA1362128E1E08D003831F9 /* Funds.plist */,
			);
			path = Charity;
			sourceTree = "<group>";
		};
		3C9C404D28D3AA0D00037DFA /* Services */ = {
			isa = PBXGroup;
			children = (
				3C9C404E28D3AA0D00037DFA /* AppDelegate.swift */,
				3C9C405028D3AA0D00037DFA /* SceneDelegate.swift */,
				3C9C405228D3AA0D00037DFA /* ViewController.swift */,
				3C9C405428D3AA0D00037DFA /* MainServices.storyboard */,
				3C9C405728D3AA1800037DFA /* Assets.xcassets */,
				3C9C405928D3AA1800037DFA /* LaunchScreen.storyboard */,
				3C9C405C28D3AA1800037DFA /* Info.plist */,
			);
			path = Services;
			sourceTree = "<group>";
		};
/* End PBXGroup section */

/* Begin PBXNativeTarget section */
		3C9C403028D3856700037DFA /* Charity */ = {
			isa = PBXNativeTarget;
			buildConfigurationList = 3C9C404528D3857100037DFA /* Build configuration list for PBXNativeTarget "Charity" */;
			buildPhases = (
				3C9C402D28D3856700037DFA /* Sources */,
				3C9C402E28D3856700037DFA /* Frameworks */,
				3C9C402F28D3856700037DFA /* Resources */,
			);
			buildRules = (
			);
			dependencies = (
			);
			name = Charity;
			productName = Charity;
			productReference = 3C9C403128D3856700037DFA /* Charity.app */;
			productType = "com.apple.product-type.application";
		};
		3C9C404B28D3AA0D00037DFA /* Services */ = {
			isa = PBXNativeTarget;
			buildConfigurationList = 3C9C405D28D3AA1800037DFA /* Build configuration list for PBXNativeTarget "Services" */;
			buildPhases = (
				3C9C404828D3AA0D00037DFA /* Sources */,
				3C9C404928D3AA0D00037DFA /* Frameworks */,
				3C9C404A28D3AA0D00037DFA /* Resources */,
			);
			buildRules = (
			);
			dependencies = (
			);
			name = Services;
			productName = Services;
			productReference = 3C9C404C28D3AA0D00037DFA /* Services.app */;
			productType = "com.apple.product-type.application";
		};
/* End PBXNativeTarget section */

/* Begin PBXProject section */
		3C9C402928D3856700037DFA /* Project object */ = {
			isa = PBXProject;
			attributes = {
				BuildIndependentTargetsInParallel = 1;
				LastSwiftUpdateCheck = 1320;
				LastUpgradeCheck = 1320;
				TargetAttributes = {
					3C9C403028D3856700037DFA = {
						CreatedOnToolsVersion = 13.2.1;
					};
					3C9C404B28D3AA0D00037DFA = {
						CreatedOnToolsVersion = 13.2.1;
					};
				};
			};
			buildConfigurationList = 3C9C402C28D3856700037DFA /* Build configuration list for PBXProject "Charity" */;
			compatibilityVersion = "Xcode 13.0";
			developmentRegion = en;
			hasScannedForEncodings = 0;
			knownRegions = (
				en,
				Base,
			);
			mainGroup = 3C9C402828D3856700037DFA;
			productRefGroup = 3C9C403228D3856700037DFA /* Products */;
			projectDirPath = "";
			projectRoot = "";
			targets = (
				3C9C403028D3856700037DFA /* Charity */,
				3C9C404B28D3AA0D00037DFA /* Services */,
			);
		};
/* End PBXProject section */

/* Begin PBXResourcesBuildPhase section */
		3C9C402F28D3856700037DFA /* Resources */ = {
			isa = PBXResourcesBuildPhase;
			buildActionMask = 2147483647;
			files = (
				3CA1362028DD95E4003831F9 /* MainServices.storyboard in Resources */,
				3C9C404128D3857100037DFA /* LaunchScreen.storyboard in Resources */,
				3C9C403E28D3857100037DFA /* Assets.xcassets in Resources */,
				3CA1362228E1E08E003831F9 /* Funds.plist in Resources */,
				3CA1361728D730B8003831F9 /* FundTableViewCell.xib in Resources */,
				3CA1361E28DC9A35003831F9 /* Main.storyboard in Resources */,
			);
			runOnlyForDeploymentPostprocessing = 0;
		};
		3C9C404A28D3AA0D00037DFA /* Resources */ = {
			isa = PBXResourcesBuildPhase;
			buildActionMask = 2147483647;
			files = (
				3C9C405B28D3AA1800037DFA /* LaunchScreen.storyboard in Resources */,
				3C9C405828D3AA1800037DFA /* Assets.xcassets in Resources */,
				3C9C405628D3AA0D00037DFA /* MainServices.storyboard in Resources */,
				3CA1361F28DC9A85003831F9 /* Main.storyboard in Resources */,
			);
			runOnlyForDeploymentPostprocessing = 0;
		};
/* End PBXResourcesBuildPhase section */

/* Begin PBXSourcesBuildPhase section */
		3C9C402D28D3856700037DFA /* Sources */ = {
			isa = PBXSourcesBuildPhase;
			buildActionMask = 2147483647;
			files = (
				3C9C403928D3856700037DFA /* CharityViewController.swift in Sources */,
				3C9C403528D3856700037DFA /* AppDelegate.swift in Sources */,
				3CA1361628D730B8003831F9 /* FundTableViewCell.swift in Sources */,
				3CA1361B28DC7706003831F9 /* ChoiceViewController.swift in Sources */,
				3CA1361928D74514003831F9 /* CharityModel.swift in Sources */,
				3C9C403728D3856700037DFA /* SceneDelegate.swift in Sources */,
			);
			runOnlyForDeploymentPostprocessing = 0;
		};
		3C9C404828D3AA0D00037DFA /* Sources */ = {
			isa = PBXSourcesBuildPhase;
			buildActionMask = 2147483647;
			files = (
				3C9C405328D3AA0D00037DFA /* ViewController.swift in Sources */,
				3C9C404F28D3AA0D00037DFA /* AppDelegate.swift in Sources */,
				3C9C405128D3AA0D00037DFA /* SceneDelegate.swift in Sources */,
				3CA1361C28DC9A11003831F9 /* ChoiceViewController.swift in Sources */,
			);
			runOnlyForDeploymentPostprocessing = 0;
		};
/* End PBXSourcesBuildPhase section */

/* Begin PBXVariantGroup section */
		3C9C403A28D3856700037DFA /* Main.storyboard */ = {
			isa = PBXVariantGroup;
			children = (
				3C9C403B28D3856700037DFA /* Base */,
			);
			name = Main.storyboard;
			sourceTree = "<group>";
		};
		3C9C403F28D3857100037DFA /* LaunchScreen.storyboard */ = {
			isa = PBXVariantGroup;
			children = (
				3C9C404028D3857100037DFA /* Base */,
			);
			name = LaunchScreen.storyboard;
			sourceTree = "<group>";
		};
		3C9C405428D3AA0D00037DFA /* MainServices.storyboard */ = {
			isa = PBXVariantGroup;
			children = (
				3C9C405528D3AA0D00037DFA /* Base */,
			);
			name = MainServices.storyboard;
			sourceTree = "<group>";
		};
		3C9C405928D3AA1800037DFA /* LaunchScreen.storyboard */ = {
			isa = PBXVariantGroup;
			children = (
				3C9C405A28D3AA1800037DFA /* Base */,
			);
			name = LaunchScreen.storyboard;
			sourceTree = "<group>";
		};
/* End PBXVariantGroup section */

/* Begin XCBuildConfiguration section */
		3C9C404328D3857100037DFA /* Debug */ = {
			isa = XCBuildConfiguration;
			buildSettings = {
				ALWAYS_SEARCH_USER_PATHS = NO;
				CLANG_ANALYZER_NONNULL = YES;
				CLANG_ANALYZER_NUMBER_OBJECT_CONVERSION = YES_AGGRESSIVE;
				CLANG_CXX_LANGUAGE_STANDARD = "gnu++17";
				CLANG_CXX_LIBRARY = "libc++";
				CLANG_ENABLE_MODULES = YES;
				CLANG_ENABLE_OBJC_ARC = YES;
				CLANG_ENABLE_OBJC_WEAK = YES;
				CLANG_WARN_BLOCK_CAPTURE_AUTORELEASING = YES;
				CLANG_WARN_BOOL_CONVERSION = YES;
				CLANG_WARN_COMMA = YES;
				CLANG_WARN_CONSTANT_CONVERSION = YES;
				CLANG_WARN_DEPRECATED_OBJC_IMPLEMENTATIONS = YES;
				CLANG_WARN_DIRECT_OBJC_ISA_USAGE = YES_ERROR;
				CLANG_WARN_DOCUMENTATION_COMMENTS = YES;
				CLANG_WARN_EMPTY_BODY = YES;
				CLANG_WARN_ENUM_CONVERSION = YES;
				CLANG_WARN_INFINITE_RECURSION = YES;
				CLANG_WARN_INT_CONVERSION = YES;
				CLANG_WARN_NON_LITERAL_NULL_CONVERSION = YES;
				CLANG_WARN_OBJC_IMPLICIT_RETAIN_SELF = YES;
				CLANG_WARN_OBJC_LITERAL_CONVERSION = YES;
				CLANG_WARN_OBJC_ROOT_CLASS = YES_ERROR;
				CLANG_WARN_QUOTED_INCLUDE_IN_FRAMEWORK_HEADER = YES;
				CLANG_WARN_RANGE_LOOP_ANALYSIS = YES;
				CLANG_WARN_STRICT_PROTOTYPES = YES;
				CLANG_WARN_SUSPICIOUS_MOVE = YES;
				CLANG_WARN_UNGUARDED_AVAILABILITY = YES_AGGRESSIVE;
				CLANG_WARN_UNREACHABLE_CODE = YES;
				CLANG_WARN__DUPLICATE_METHOD_MATCH = YES;
				COPY_PHASE_STRIP = NO;
				DEBUG_INFORMATION_FORMAT = dwarf;
				ENABLE_STRICT_OBJC_MSGSEND = YES;
				ENABLE_TESTABILITY = YES;
				GCC_C_LANGUAGE_STANDARD = gnu11;
				GCC_DYNAMIC_NO_PIC = NO;
				GCC_NO_COMMON_BLOCKS = YES;
				GCC_OPTIMIZATION_LEVEL = 0;
				GCC_PREPROCESSOR_DEFINITIONS = (
					"DEBUG=1",
					"$(inherited)",
				);
				GCC_WARN_64_TO_32_BIT_CONVERSION = YES;
				GCC_WARN_ABOUT_RETURN_TYPE = YES_ERROR;
				GCC_WARN_UNDECLARED_SELECTOR = YES;
				GCC_WARN_UNINITIALIZED_AUTOS = YES_AGGRESSIVE;
				GCC_WARN_UNUSED_FUNCTION = YES;
				GCC_WARN_UNUSED_VARIABLE = YES;
				IPHONEOS_DEPLOYMENT_TARGET = 15.2;
				MTL_ENABLE_DEBUG_INFO = INCLUDE_SOURCE;
				MTL_FAST_MATH = YES;
				ONLY_ACTIVE_ARCH = YES;
				SDKROOT = iphoneos;
				SWIFT_ACTIVE_COMPILATION_CONDITIONS = DEBUG;
				SWIFT_OPTIMIZATION_LEVEL = "-Onone";
			};
			name = Debug;
		};
		3C9C404428D3857100037DFA /* Release */ = {
			isa = XCBuildConfiguration;
			buildSettings = {
				ALWAYS_SEARCH_USER_PATHS = NO;
				CLANG_ANALYZER_NONNULL = YES;
				CLANG_ANALYZER_NUMBER_OBJECT_CONVERSION = YES_AGGRESSIVE;
				CLANG_CXX_LANGUAGE_STANDARD = "gnu++17";
				CLANG_CXX_LIBRARY = "libc++";
				CLANG_ENABLE_MODULES = YES;
				CLANG_ENABLE_OBJC_ARC = YES;
				CLANG_ENABLE_OBJC_WEAK = YES;
				CLANG_WARN_BLOCK_CAPTURE_AUTORELEASING = YES;
				CLANG_WARN_BOOL_CONVERSION = YES;
				CLANG_WARN_COMMA = YES;
				CLANG_WARN_CONSTANT_CONVERSION = YES;
				CLANG_WARN_DEPRECATED_OBJC_IMPLEMENTATIONS = YES;
				CLANG_WARN_DIRECT_OBJC_ISA_USAGE = YES_ERROR;
				CLANG_WARN_DOCUMENTATION_COMMENTS = YES;
				CLANG_WARN_EMPTY_BODY = YES;
				CLANG_WARN_ENUM_CONVERSION = YES;
				CLANG_WARN_INFINITE_RECURSION = YES;
				CLANG_WARN_INT_CONVERSION = YES;
				CLANG_WARN_NON_LITERAL_NULL_CONVERSION = YES;
				CLANG_WARN_OBJC_IMPLICIT_RETAIN_SELF = YES;
				CLANG_WARN_OBJC_LITERAL_CONVERSION = YES;
				CLANG_WARN_OBJC_ROOT_CLASS = YES_ERROR;
				CLANG_WARN_QUOTED_INCLUDE_IN_FRAMEWORK_HEADER = YES;
				CLANG_WARN_RANGE_LOOP_ANALYSIS = YES;
				CLANG_WARN_STRICT_PROTOTYPES = YES;
				CLANG_WARN_SUSPICIOUS_MOVE = YES;
				CLANG_WARN_UNGUARDED_AVAILABILITY = YES_AGGRESSIVE;
				CLANG_WARN_UNREACHABLE_CODE = YES;
				CLANG_WARN__DUPLICATE_METHOD_MATCH = YES;
				COPY_PHASE_STRIP = NO;
				DEBUG_INFORMATION_FORMAT = "dwarf-with-dsym";
				ENABLE_NS_ASSERTIONS = NO;
				ENABLE_STRICT_OBJC_MSGSEND = YES;
				GCC_C_LANGUAGE_STANDARD = gnu11;
				GCC_NO_COMMON_BLOCKS = YES;
				GCC_WARN_64_TO_32_BIT_CONVERSION = YES;
				GCC_WARN_ABOUT_RETURN_TYPE = YES_ERROR;
				GCC_WARN_UNDECLARED_SELECTOR = YES;
				GCC_WARN_UNINITIALIZED_AUTOS = YES_AGGRESSIVE;
				GCC_WARN_UNUSED_FUNCTION = YES;
				GCC_WARN_UNUSED_VARIABLE = YES;
				IPHONEOS_DEPLOYMENT_TARGET = 15.2;
				MTL_ENABLE_DEBUG_INFO = NO;
				MTL_FAST_MATH = YES;
				SDKROOT = iphoneos;
				SWIFT_COMPILATION_MODE = wholemodule;
				SWIFT_OPTIMIZATION_LEVEL = "-O";
				VALIDATE_PRODUCT = YES;
			};
			name = Release;
		};
		3C9C404628D3857100037DFA /* Debug */ = {
			isa = XCBuildConfiguration;
			buildSettings = {
				ASSETCATALOG_COMPILER_APPICON_NAME = AppIcon;
				ASSETCATALOG_COMPILER_GLOBAL_ACCENT_COLOR_NAME = AccentColor;
				CODE_SIGN_STYLE = Automatic;
				CURRENT_PROJECT_VERSION = 1;
				DEVELOPMENT_TEAM = R54BF494PD;
				GENERATE_INFOPLIST_FILE = YES;
				INFOPLIST_FILE = Charity/Info.plist;
				INFOPLIST_KEY_UIApplicationSupportsIndirectInputEvents = YES;
				INFOPLIST_KEY_UILaunchStoryboardName = LaunchScreen;
				INFOPLIST_KEY_UIMainStoryboardFile = Main;
				INFOPLIST_KEY_UISupportedInterfaceOrientations_iPad = "UIInterfaceOrientationPortrait UIInterfaceOrientationPortraitUpsideDown UIInterfaceOrientationLandscapeLeft UIInterfaceOrientationLandscapeRight";
				INFOPLIST_KEY_UISupportedInterfaceOrientations_iPhone = "UIInterfaceOrientationPortrait UIInterfaceOrientationLandscapeLeft UIInterfaceOrientationLandscapeRight";
				LD_RUNPATH_SEARCH_PATHS = (
					"$(inherited)",
					"@executable_path/Frameworks",
				);
				MARKETING_VERSION = 1.0;
				PRODUCT_BUNDLE_IDENTIFIER = com.verskoynat.Charity;
				PRODUCT_NAME = "$(TARGET_NAME)";
				SWIFT_EMIT_LOC_STRINGS = YES;
				SWIFT_VERSION = 5.0;
				TARGETED_DEVICE_FAMILY = "1,2";
			};
			name = Debug;
		};
		3C9C404728D3857100037DFA /* Release */ = {
			isa = XCBuildConfiguration;
			buildSettings = {
				ASSETCATALOG_COMPILER_APPICON_NAME = AppIcon;
				ASSETCATALOG_COMPILER_GLOBAL_ACCENT_COLOR_NAME = AccentColor;
				CODE_SIGN_STYLE = Automatic;
				CURRENT_PROJECT_VERSION = 1;
				DEVELOPMENT_TEAM = R54BF494PD;
				GENERATE_INFOPLIST_FILE = YES;
				INFOPLIST_FILE = Charity/Info.plist;
				INFOPLIST_KEY_UIApplicationSupportsIndirectInputEvents = YES;
				INFOPLIST_KEY_UILaunchStoryboardName = LaunchScreen;
				INFOPLIST_KEY_UIMainStoryboardFile = Main;
				INFOPLIST_KEY_UISupportedInterfaceOrientations_iPad = "UIInterfaceOrientationPortrait UIInterfaceOrientationPortraitUpsideDown UIInterfaceOrientationLandscapeLeft UIInterfaceOrientationLandscapeRight";
				INFOPLIST_KEY_UISupportedInterfaceOrientations_iPhone = "UIInterfaceOrientationPortrait UIInterfaceOrientationLandscapeLeft UIInterfaceOrientationLandscapeRight";
				LD_RUNPATH_SEARCH_PATHS = (
					"$(inherited)",
					"@executable_path/Frameworks",
				);
				MARKETING_VERSION = 1.0;
				PRODUCT_BUNDLE_IDENTIFIER = com.verskoynat.Charity;
				PRODUCT_NAME = "$(TARGET_NAME)";
				SWIFT_EMIT_LOC_STRINGS = YES;
				SWIFT_VERSION = 5.0;
				TARGETED_DEVICE_FAMILY = "1,2";
			};
			name = Release;
		};
		3C9C405E28D3AA1800037DFA /* Debug */ = {
			isa = XCBuildConfiguration;
			buildSettings = {
				ASSETCATALOG_COMPILER_APPICON_NAME = AppIcon;
				ASSETCATALOG_COMPILER_GLOBAL_ACCENT_COLOR_NAME = AccentColor;
				CODE_SIGN_STYLE = Automatic;
				CURRENT_PROJECT_VERSION = 1;
				DEVELOPMENT_TEAM = R54BF494PD;
				GENERATE_INFOPLIST_FILE = YES;
				INFOPLIST_FILE = Services/Info.plist;
				INFOPLIST_KEY_UIApplicationSupportsIndirectInputEvents = YES;
				INFOPLIST_KEY_UILaunchStoryboardName = LaunchScreen;
				INFOPLIST_KEY_UIMainStoryboardFile = Main;
				INFOPLIST_KEY_UISupportedInterfaceOrientations_iPad = "UIInterfaceOrientationPortrait UIInterfaceOrientationPortraitUpsideDown UIInterfaceOrientationLandscapeLeft UIInterfaceOrientationLandscapeRight";
				INFOPLIST_KEY_UISupportedInterfaceOrientations_iPhone = "UIInterfaceOrientationPortrait UIInterfaceOrientationLandscapeLeft UIInterfaceOrientationLandscapeRight";
				LD_RUNPATH_SEARCH_PATHS = (
					"$(inherited)",
					"@executable_path/Frameworks",
				);
				MARKETING_VERSION = 1.0;
				PRODUCT_BUNDLE_IDENTIFIER = com.verskoynat.Services;
				PRODUCT_NAME = "$(TARGET_NAME)";
				SWIFT_EMIT_LOC_STRINGS = YES;
				SWIFT_VERSION = 5.0;
				TARGETED_DEVICE_FAMILY = "1,2";
			};
			name = Debug;
		};
		3C9C405F28D3AA1800037DFA /* Release */ = {
			isa = XCBuildConfiguration;
			buildSettings = {
				ASSETCATALOG_COMPILER_APPICON_NAME = AppIcon;
				ASSETCATALOG_COMPILER_GLOBAL_ACCENT_COLOR_NAME = AccentColor;
				CODE_SIGN_STYLE = Automatic;
				CURRENT_PROJECT_VERSION = 1;
				DEVELOPMENT_TEAM = R54BF494PD;
				GENERATE_INFOPLIST_FILE = YES;
				INFOPLIST_FILE = Services/Info.plist;
				INFOPLIST_KEY_UIApplicationSupportsIndirectInputEvents = YES;
				INFOPLIST_KEY_UILaunchStoryboardName = LaunchScreen;
				INFOPLIST_KEY_UIMainStoryboardFile = Main;
				INFOPLIST_KEY_UISupportedInterfaceOrientations_iPad = "UIInterfaceOrientationPortrait UIInterfaceOrientationPortraitUpsideDown UIInterfaceOrientationLandscapeLeft UIInterfaceOrientationLandscapeRight";
				INFOPLIST_KEY_UISupportedInterfaceOrientations_iPhone = "UIInterfaceOrientationPortrait UIInterfaceOrientationLandscapeLeft UIInterfaceOrientationLandscapeRight";
				LD_RUNPATH_SEARCH_PATHS = (
					"$(inherited)",
					"@executable_path/Frameworks",
				);
				MARKETING_VERSION = 1.0;
				PRODUCT_BUNDLE_IDENTIFIER = com.verskoynat.Services;
				PRODUCT_NAME = "$(TARGET_NAME)";
				SWIFT_EMIT_LOC_STRINGS = YES;
				SWIFT_VERSION = 5.0;
				TARGETED_DEVICE_FAMILY = "1,2";
			};
			name = Release;
		};
/* End XCBuildConfiguration section */

/* Begin XCConfigurationList section */
		3C9C402C28D3856700037DFA /* Build configuration list for PBXProject "Charity" */ = {
			isa = XCConfigurationList;
			buildConfigurations = (
				3C9C404328D3857100037DFA /* Debug */,
				3C9C404428D3857100037DFA /* Release */,
			);
			defaultConfigurationIsVisible = 0;
			defaultConfigurationName = Release;
		};
		3C9C404528D3857100037DFA /* Build configuration list for PBXNativeTarget "Charity" */ = {
			isa = XCConfigurationList;
			buildConfigurations = (
				3C9C404628D3857100037DFA /* Debug */,
				3C9C404728D3857100037DFA /* Release */,
			);
			defaultConfigurationIsVisible = 0;
			defaultConfigurationName = Release;
		};
		3C9C405D28D3AA1800037DFA /* Build configuration list for PBXNativeTarget "Services" */ = {
			isa = XCConfigurationList;
			buildConfigurations = (
				3C9C405E28D3AA1800037DFA /* Debug */,
				3C9C405F28D3AA1800037DFA /* Release */,
			);
			defaultConfigurationIsVisible = 0;
			defaultConfigurationName = Release;
		};
/* End XCConfigurationList section */
	};
	rootObject = 3C9C402928D3856700037DFA /* Project object */;
}
